
Microsoft Visual Studio Solution File, Format Version 12.00
# Visual Studio Version 16
VisualStudioVersion = 16.0.28315.86
MinimumVisualStudioVersion = 10.0.40219.1
Project("{2150E333-8FDC-42A3-9474-1A3956D46DE8}") = "Engine", "Engine", "{0813714E-C731-4ADC-AC93-8D66D4C4C349}"
EndProject
Project("{2150E333-8FDC-42A3-9474-1A3956D46DE8}") = "Games", "Games", "{5533328C-2560-47CB-988E-F67BFF299F28}"
EndProject
Project("{8BC9CEB8-8B4A-11D0-8D11-00A0C91BC942}") = "UE4", "Intermediate\ProjectFiles\UE4.vcxproj", "{556700DE-8ACC-4009-AA3E-5BB1B08C8E6E}"
EndProject
Project("{8BC9CEB8-8B4A-11D0-8D11-00A0C91BC942}") = "FistWorld", "Intermediate\ProjectFiles\FistWorld.vcxproj", "{99B5ACD1-F36C-4499-965A-7A60BC45C278}"
EndProject
Project("{2150E333-8FDC-42A3-9474-1A3956D46DE8}") = "Visualizers", "Visualizers", "{21FB8292-BD2A-4A6C-A6B2-F9110AB892E7}"
	ProjectSection(SolutionItems) = preProject
		..\..\..\Program Files\Epic Games\UE_4.23\Engine\Extras\VisualStudioDebugging\UE4.natvis = ..\..\..\Program Files\Epic Games\UE_4.23\Engine\Extras\VisualStudioDebugging\UE4.natvis
	EndProjectSection
EndProject
Global
	GlobalSection(SolutionConfigurationPlatforms) = preSolution
		DebugGame Editor|HTML5 = DebugGame Editor|HTML5
		DebugGame Editor|Win32 = DebugGame Editor|Win32
		DebugGame Editor|Win64 = DebugGame Editor|Win64
		DebugGame|HTML5 = DebugGame|HTML5
		DebugGame|Win32 = DebugGame|Win32
		DebugGame|Win64 = DebugGame|Win64
		Development Editor|HTML5 = Development Editor|HTML5
		Development Editor|Win32 = Development Editor|Win32
		Development Editor|Win64 = Development Editor|Win64
		Development|HTML5 = Development|HTML5
		Development|Win32 = Development|Win32
		Development|Win64 = Development|Win64
		Shipping|HTML5 = Shipping|HTML5
		Shipping|Win32 = Shipping|Win32
		Shipping|Win64 = Shipping|Win64
	EndGlobalSection
	GlobalSection(ProjectConfigurationPlatforms) = postSolution
		{556700DE-8ACC-4009-AA3E-5BB1B08C8E6E}.DebugGame Editor|HTML5.ActiveCfg = BuiltWithUnrealBuildTool|Win32
		{556700DE-8ACC-4009-AA3E-5BB1B08C8E6E}.DebugGame Editor|Win32.ActiveCfg = BuiltWithUnrealBuildTool|Win32
		{556700DE-8ACC-4009-AA3E-5BB1B08C8E6E}.DebugGame Editor|Win64.ActiveCfg = BuiltWithUnrealBuildTool|Win32
		{556700DE-8ACC-4009-AA3E-5BB1B08C8E6E}.DebugGame|HTML5.ActiveCfg = BuiltWithUnrealBuildTool|Win32
		{556700DE-8ACC-4009-AA3E-5BB1B08C8E6E}.DebugGame|Win32.ActiveCfg = BuiltWithUnrealBuildTool|Win32
		{556700DE-8ACC-4009-AA3E-5BB1B08C8E6E}.DebugGame|Win64.ActiveCfg = BuiltWithUnrealBuildTool|Win32
		{556700DE-8ACC-4009-AA3E-5BB1B08C8E6E}.Development Editor|HTML5.ActiveCfg = BuiltWithUnrealBuildTool|Win32
		{556700DE-8ACC-4009-AA3E-5BB1B08C8E6E}.Development Editor|Win32.ActiveCfg = BuiltWithUnrealBuildTool|Win32
		{556700DE-8ACC-4009-AA3E-5BB1B08C8E6E}.Development Editor|Win64.ActiveCfg = BuiltWithUnrealBuildTool|Win32
		{556700DE-8ACC-4009-AA3E-5BB1B08C8E6E}.Development|HTML5.ActiveCfg = BuiltWithUnrealBuildTool|Win32
		{556700DE-8ACC-4009-AA3E-5BB1B08C8E6E}.Development|Win32.ActiveCfg = BuiltWithUnrealBuildTool|Win32
		{556700DE-8ACC-4009-AA3E-5BB1B08C8E6E}.Development|Win64.ActiveCfg = BuiltWithUnrealBuildTool|Win32
		{556700DE-8ACC-4009-AA3E-5BB1B08C8E6E}.Shipping|HTML5.ActiveCfg = BuiltWithUnrealBuildTool|Win32
		{556700DE-8ACC-4009-AA3E-5BB1B08C8E6E}.Shipping|Win32.ActiveCfg = BuiltWithUnrealBuildTool|Win32
		{556700DE-8ACC-4009-AA3E-5BB1B08C8E6E}.Shipping|Win64.ActiveCfg = BuiltWithUnrealBuildTool|Win32
		{99B5ACD1-F36C-4499-965A-7A60BC45C278}.DebugGame Editor|HTML5.ActiveCfg = Invalid|Win32
		{99B5ACD1-F36C-4499-965A-7A60BC45C278}.DebugGame Editor|Win32.ActiveCfg = Invalid|Win32
		{99B5ACD1-F36C-4499-965A-7A60BC45C278}.DebugGame Editor|Win64.ActiveCfg = DebugGame_Editor|x64
		{99B5ACD1-F36C-4499-965A-7A60BC45C278}.DebugGame Editor|Win64.Build.0 = DebugGame_Editor|x64
		{99B5ACD1-F36C-4499-965A-7A60BC45C278}.DebugGame|HTML5.ActiveCfg = HTML5_DebugGame|Win32
		{99B5ACD1-F36C-4499-965A-7A60BC45C278}.DebugGame|HTML5.Build.0 = HTML5_DebugGame|Win32
		{99B5ACD1-F36C-4499-965A-7A60BC45C278}.DebugGame|Win32.ActiveCfg = DebugGame|Win32
		{99B5ACD1-F36C-4499-965A-7A60BC45C278}.DebugGame|Win32.Build.0 = DebugGame|Win32
		{99B5ACD1-F36C-4499-965A-7A60BC45C278}.DebugGame|Win64.ActiveCfg = DebugGame|x64
		{99B5ACD1-F36C-4499-965A-7A60BC45C278}.DebugGame|Win64.Build.0 = DebugGame|x64
		{99B5ACD1-F36C-4499-965A-7A60BC45C278}.Development Editor|HTML5.ActiveCfg = Invalid|Win32
		{99B5ACD1-F36C-4499-965A-7A60BC45C278}.Development Editor|Win32.ActiveCfg = Invalid|Win32
		{99B5ACD1-F36C-4499-965A-7A60BC45C278}.Development Editor|Win64.ActiveCfg = Development_Editor|x64
		{99B5ACD1-F36C-4499-965A-7A60BC45C278}.Development Editor|Win64.Build.0 = Development_Editor|x64
		{99B5ACD1-F36C-4499-965A-7A60BC45C278}.Development|HTML5.ActiveCfg = HTML5_Development|Win32
		{99B5ACD1-F36C-4499-965A-7A60BC45C278}.Development|HTML5.Build.0 = HTML5_Development|Win32
		{99B5ACD1-F36C-4499-965A-7A60BC45C278}.Development|Win32.ActiveCfg = Development|Win32
		{99B5ACD1-F36C-4499-965A-7A60BC45C278}.Development|Win32.Build.0 = Development|Win32
		{99B5ACD1-F36C-4499-965A-7A60BC45C278}.Development|Win64.ActiveCfg = Development|x64
		{99B5ACD1-F36C-4499-965A-7A60BC45C278}.Development|Win64.Build.0 = Development|x64
		{99B5ACD1-F36C-4499-965A-7A60BC45C278}.Shipping|HTML5.ActiveCfg = HTML5_Shipping|Win32
		{99B5ACD1-F36C-4499-965A-7A60BC45C278}.Shipping|HTML5.Build.0 = HTML5_Shipping|Win32
		{99B5ACD1-F36C-4499-965A-7A60BC45C278}.Shipping|Win32.ActiveCfg = Shipping|Win32
		{99B5ACD1-F36C-4499-965A-7A60BC45C278}.Shipping|Win32.Build.0 = Shipping|Win32
		{99B5ACD1-F36C-4499-965A-7A60BC45C278}.Shipping|Win64.ActiveCfg = Shipping|x64
		{99B5ACD1-F36C-4499-965A-7A60BC45C278}.Shipping|Win64.Build.0 = Shipping|x64
	EndGlobalSection
	GlobalSection(SolutionProperties) = preSolution
		HideSolutionNode = FALSE
	EndGlobalSection
	GlobalSection(NestedProjects) = preSolution
		{556700DE-8ACC-4009-AA3E-5BB1B08C8E6E} = {0813714E-C731-4ADC-AC93-8D66D4C4C349}
		{99B5ACD1-F36C-4499-965A-7A60BC45C278} = {5533328C-2560-47CB-988E-F67BFF299F28}
	EndGlobalSection
	GlobalSection(ExtensibilityGlobals) = postSolution
		SolutionGuid = {847047E4-651C-4E5C-81AF-E5B4029609B6}
	EndGlobalSection
EndGlobal
