
Microsoft Visual Studio Solution File, Format Version 12.00
# Visual Studio 14
VisualStudioVersion = 14.0.22310.1
MinimumVisualStudioVersion = 10.0.40219.1
Project("{2150E333-8FDC-42A3-9474-1A3956D46DE8}") = "Engine", "Engine", "{CB9BF05D-A2C9-48C5-B9E5-9F1B78E31ED6}"
EndProject
Project("{2150E333-8FDC-42A3-9474-1A3956D46DE8}") = "Games", "Games", "{385D74E8-BD29-4F3C-AD80-7E3436812D65}"
EndProject
Project("{8BC9CEB8-8B4A-11D0-8D11-00A0C91BC942}") = "UE4", "Intermediate\ProjectFiles\UE4.vcxproj", "{E3892D0F-83BE-457F-84A1-D51CA2BD3012}"
EndProject
Project("{8BC9CEB8-8B4A-11D0-8D11-00A0C91BC942}") = "FistWorld", "Intermediate\ProjectFiles\FistWorld.vcxproj", "{E3A08EC7-E6E4-4DA9-931F-D2FA8C3AF764}"
EndProject
Project("{2150E333-8FDC-42A3-9474-1A3956D46DE8}") = "Visualizers", "Visualizers", "{3355F2D9-F169-414F-9689-F8AD8E1F2AF1}"
	ProjectSection(SolutionItems) = preProject
		C:\Program Files\Epic Games\UE_4.23\Engine\Extras\VisualStudioDebugging\UE4.natvis = C:\Program Files\Epic Games\UE_4.23\Engine\Extras\VisualStudioDebugging\UE4.natvis
	EndProjectSection
EndProject
Global
	GlobalSection(SolutionConfigurationPlatforms) = preSolution
		DebugGame Editor|HTML5 = DebugGame Editor|HTML5
		DebugGame Editor|Win32 = DebugGame Editor|Win32
		DebugGame Editor|Win64 = DebugGame Editor|Win64
		DebugGame|HTML5 = DebugGame|HTML5
		DebugGame|Win32 = DebugGame|Win32
		DebugGame|Win64 = DebugGame|Win64
		Development Editor|HTML5 = Development Editor|HTML5
		Development Editor|Win32 = Development Editor|Win32
		Development Editor|Win64 = Development Editor|Win64
		Development|HTML5 = Development|HTML5
		Development|Win32 = Development|Win32
		Development|Win64 = Development|Win64
		Shipping|HTML5 = Shipping|HTML5
		Shipping|Win32 = Shipping|Win32
		Shipping|Win64 = Shipping|Win64
	EndGlobalSection
	GlobalSection(ProjectConfigurationPlatforms) = postSolution
		{E3892D0F-83BE-457F-84A1-D51CA2BD3012}.DebugGame Editor|HTML5.ActiveCfg = BuiltWithUnrealBuildTool|Win32
		{E3892D0F-83BE-457F-84A1-D51CA2BD3012}.DebugGame Editor|Win32.ActiveCfg = BuiltWithUnrealBuildTool|Win32
		{E3892D0F-83BE-457F-84A1-D51CA2BD3012}.DebugGame Editor|Win64.ActiveCfg = BuiltWithUnrealBuildTool|Win32
		{E3892D0F-83BE-457F-84A1-D51CA2BD3012}.DebugGame|HTML5.ActiveCfg = BuiltWithUnrealBuildTool|Win32
		{E3892D0F-83BE-457F-84A1-D51CA2BD3012}.DebugGame|Win32.ActiveCfg = BuiltWithUnrealBuildTool|Win32
		{E3892D0F-83BE-457F-84A1-D51CA2BD3012}.DebugGame|Win64.ActiveCfg = BuiltWithUnrealBuildTool|Win32
		{E3892D0F-83BE-457F-84A1-D51CA2BD3012}.Development Editor|HTML5.ActiveCfg = BuiltWithUnrealBuildTool|Win32
		{E3892D0F-83BE-457F-84A1-D51CA2BD3012}.Development Editor|Win32.ActiveCfg = BuiltWithUnrealBuildTool|Win32
		{E3892D0F-83BE-457F-84A1-D51CA2BD3012}.Development Editor|Win64.ActiveCfg = BuiltWithUnrealBuildTool|Win32
		{E3892D0F-83BE-457F-84A1-D51CA2BD3012}.Development|HTML5.ActiveCfg = BuiltWithUnrealBuildTool|Win32
		{E3892D0F-83BE-457F-84A1-D51CA2BD3012}.Development|Win32.ActiveCfg = BuiltWithUnrealBuildTool|Win32
		{E3892D0F-83BE-457F-84A1-D51CA2BD3012}.Development|Win64.ActiveCfg = BuiltWithUnrealBuildTool|Win32
		{E3892D0F-83BE-457F-84A1-D51CA2BD3012}.Shipping|HTML5.ActiveCfg = BuiltWithUnrealBuildTool|Win32
		{E3892D0F-83BE-457F-84A1-D51CA2BD3012}.Shipping|Win32.ActiveCfg = BuiltWithUnrealBuildTool|Win32
		{E3892D0F-83BE-457F-84A1-D51CA2BD3012}.Shipping|Win64.ActiveCfg = BuiltWithUnrealBuildTool|Win32
		{E3A08EC7-E6E4-4DA9-931F-D2FA8C3AF764}.DebugGame Editor|HTML5.ActiveCfg = Invalid|Win32
		{E3A08EC7-E6E4-4DA9-931F-D2FA8C3AF764}.DebugGame Editor|Win32.ActiveCfg = Invalid|Win32
		{E3A08EC7-E6E4-4DA9-931F-D2FA8C3AF764}.DebugGame Editor|Win64.ActiveCfg = DebugGame_Editor|x64
		{E3A08EC7-E6E4-4DA9-931F-D2FA8C3AF764}.DebugGame Editor|Win64.Build.0 = DebugGame_Editor|x64
		{E3A08EC7-E6E4-4DA9-931F-D2FA8C3AF764}.DebugGame|HTML5.ActiveCfg = HTML5_DebugGame|Win32
		{E3A08EC7-E6E4-4DA9-931F-D2FA8C3AF764}.DebugGame|HTML5.Build.0 = HTML5_DebugGame|Win32
		{E3A08EC7-E6E4-4DA9-931F-D2FA8C3AF764}.DebugGame|Win32.ActiveCfg = DebugGame|Win32
		{E3A08EC7-E6E4-4DA9-931F-D2FA8C3AF764}.DebugGame|Win32.Build.0 = DebugGame|Win32
		{E3A08EC7-E6E4-4DA9-931F-D2FA8C3AF764}.DebugGame|Win64.ActiveCfg = DebugGame|x64
		{E3A08EC7-E6E4-4DA9-931F-D2FA8C3AF764}.DebugGame|Win64.Build.0 = DebugGame|x64
		{E3A08EC7-E6E4-4DA9-931F-D2FA8C3AF764}.Development Editor|HTML5.ActiveCfg = Invalid|Win32
		{E3A08EC7-E6E4-4DA9-931F-D2FA8C3AF764}.Development Editor|Win32.ActiveCfg = Invalid|Win32
		{E3A08EC7-E6E4-4DA9-931F-D2FA8C3AF764}.Development Editor|Win64.ActiveCfg = Development_Editor|x64
		{E3A08EC7-E6E4-4DA9-931F-D2FA8C3AF764}.Development Editor|Win64.Build.0 = Development_Editor|x64
		{E3A08EC7-E6E4-4DA9-931F-D2FA8C3AF764}.Development|HTML5.ActiveCfg = HTML5_Development|Win32
		{E3A08EC7-E6E4-4DA9-931F-D2FA8C3AF764}.Development|HTML5.Build.0 = HTML5_Development|Win32
		{E3A08EC7-E6E4-4DA9-931F-D2FA8C3AF764}.Development|Win32.ActiveCfg = Development|Win32
		{E3A08EC7-E6E4-4DA9-931F-D2FA8C3AF764}.Development|Win32.Build.0 = Development|Win32
		{E3A08EC7-E6E4-4DA9-931F-D2FA8C3AF764}.Development|Win64.ActiveCfg = Development|x64
		{E3A08EC7-E6E4-4DA9-931F-D2FA8C3AF764}.Development|Win64.Build.0 = Development|x64
		{E3A08EC7-E6E4-4DA9-931F-D2FA8C3AF764}.Shipping|HTML5.ActiveCfg = HTML5_Shipping|Win32
		{E3A08EC7-E6E4-4DA9-931F-D2FA8C3AF764}.Shipping|HTML5.Build.0 = HTML5_Shipping|Win32
		{E3A08EC7-E6E4-4DA9-931F-D2FA8C3AF764}.Shipping|Win32.ActiveCfg = Shipping|Win32
		{E3A08EC7-E6E4-4DA9-931F-D2FA8C3AF764}.Shipping|Win32.Build.0 = Shipping|Win32
		{E3A08EC7-E6E4-4DA9-931F-D2FA8C3AF764}.Shipping|Win64.ActiveCfg = Shipping|x64
		{E3A08EC7-E6E4-4DA9-931F-D2FA8C3AF764}.Shipping|Win64.Build.0 = Shipping|x64
	EndGlobalSection
	GlobalSection(SolutionProperties) = preSolution
		HideSolutionNode = FALSE
	EndGlobalSection
	GlobalSection(NestedProjects) = preSolution
		{E3892D0F-83BE-457F-84A1-D51CA2BD3012} = {CB9BF05D-A2C9-48C5-B9E5-9F1B78E31ED6}
		{E3A08EC7-E6E4-4DA9-931F-D2FA8C3AF764} = {385D74E8-BD29-4F3C-AD80-7E3436812D65}
	EndGlobalSection
EndGlobal
